
Microsoft Visual Studio Solution File, Format Version 12.00
# Visual Studio Version 17
VisualStudioVersion = 17.9.34701.34
MinimumVisualStudioVersion = 10.0.40219.1
Project("{FAE04EC0-301F-11D3-BF4B-00C04F79EFBC}") = "FinalProject", "FinalProject.csproj", "{36498745-2F2D-43F5-A96E-1F6233883A8F}"
EndProject
Global
	GlobalSection(SolutionConfigurationPlatforms) = preSolution
		Debug|Any CPU = Debug|Any CPU
		Release|Any CPU = Release|Any CPU
	EndGlobalSection
	GlobalSection(ProjectConfigurationPlatforms) = postSolution
		{36498745-2F2D-43F5-A96E-1F6233883A8F}.Debug|Any CPU.ActiveCfg = Debug|Any CPU
		{36498745-2F2D-43F5-A96E-1F6233883A8F}.Debug|Any CPU.Build.0 = Debug|Any CPU
		{36498745-2F2D-43F5-A96E-1F6233883A8F}.Release|Any CPU.ActiveCfg = Release|Any CPU
		{36498745-2F2D-43F5-A96E-1F6233883A8F}.Release|Any CPU.Build.0 = Release|Any CPU
	EndGlobalSection
	GlobalSection(SolutionProperties) = preSolution
		HideSolutionNode = FALSE
	EndGlobalSection
	GlobalSection(ExtensibilityGlobals) = postSolution
		SolutionGuid = {6BD72974-9835-49DC-8AE3-D55D721535EB}
	EndGlobalSection
EndGlobal
